// !$*UTF8*$!
{
	archiveVersion = 1;
	classes = {
	};
	objectVersion = 50;
	objects = {

/* Begin PBXBuildFile section */
		ABF389C926B3E16800BA0DDC /* AppDelegate.swift in Sources */ = {isa = PBXBuildFile; fileRef = ABF389C826B3E16800BA0DDC /* AppDelegate.swift */; };
		ABF389CB26B3E16800BA0DDC /* SceneDelegate.swift in Sources */ = {isa = PBXBuildFile; fileRef = ABF389CA26B3E16800BA0DDC /* SceneDelegate.swift */; };
		ABF389CD26B3E16800BA0DDC /* ViewController.swift in Sources */ = {isa = PBXBuildFile; fileRef = ABF389CC26B3E16800BA0DDC /* ViewController.swift */; };
		ABF389D226B3E16A00BA0DDC /* Assets.xcassets in Resources */ = {isa = PBXBuildFile; fileRef = ABF389D126B3E16A00BA0DDC /* Assets.xcassets */; };
		ABF389D526B3E16A00BA0DDC /* LaunchScreen.storyboard in Resources */ = {isa = PBXBuildFile; fileRef = ABF389D326B3E16A00BA0DDC /* LaunchScreen.storyboard */; };
		ABF389E126B3E2B700BA0DDC /* AppCoordinator.swift in Sources */ = {isa = PBXBuildFile; fileRef = ABF389E026B3E2B700BA0DDC /* AppCoordinator.swift */; };
		ABF389E426B3E48100BA0DDC /* DataManager.swift in Sources */ = {isa = PBXBuildFile; fileRef = ABF389E326B3E48100BA0DDC /* DataManager.swift */; };
		ABF389E826B3E4C600BA0DDC /* RemoteDataManager.swift in Sources */ = {isa = PBXBuildFile; fileRef = ABF389E726B3E4C600BA0DDC /* RemoteDataManager.swift */; };
		ABF389EA26B3E4DC00BA0DDC /* SessionAPI.swift in Sources */ = {isa = PBXBuildFile; fileRef = ABF389E926B3E4DC00BA0DDC /* SessionAPI.swift */; };
		ABF389EC26B3E4F700BA0DDC /* APIRequest.swift in Sources */ = {isa = PBXBuildFile; fileRef = ABF389EB26B3E4F700BA0DDC /* APIRequest.swift */; };
		ABF389EE26B3E56F00BA0DDC /* UsersCoordinator.swift in Sources */ = {isa = PBXBuildFile; fileRef = ABF389ED26B3E56F00BA0DDC /* UsersCoordinator.swift */; };
		ABF389F026B3E58800BA0DDC /* UsersUseCases.swift in Sources */ = {isa = PBXBuildFile; fileRef = ABF389EF26B3E58800BA0DDC /* UsersUseCases.swift */; };
		ABF389F426B3E5C200BA0DDC /* UsersResponse.swift in Sources */ = {isa = PBXBuildFile; fileRef = ABF389F326B3E5C200BA0DDC /* UsersResponse.swift */; };
		ABF389F826B3E5F500BA0DDC /* UsersRequest.swift in Sources */ = {isa = PBXBuildFile; fileRef = ABF389F726B3E5F500BA0DDC /* UsersRequest.swift */; };
		ABF389FA26B3E62500BA0DDC /* UsersViewModel.swift in Sources */ = {isa = PBXBuildFile; fileRef = ABF389F926B3E62500BA0DDC /* UsersViewModel.swift */; };
		ABF389FC26B3E64900BA0DDC /* UsersViewController.swift in Sources */ = {isa = PBXBuildFile; fileRef = ABF389FB26B3E64900BA0DDC /* UsersViewController.swift */; };
		ABF389FE26B3E67A00BA0DDC /* UserCell.swift in Sources */ = {isa = PBXBuildFile; fileRef = ABF389FD26B3E67A00BA0DDC /* UserCell.swift */; };
		ABF38A0026B3E68E00BA0DDC /* UserCell.xib in Resources */ = {isa = PBXBuildFile; fileRef = ABF389FF26B3E68E00BA0DDC /* UserCell.xib */; };
		ABF38A0426B3E6ED00BA0DDC /* UserCellViewModel.swift in Sources */ = {isa = PBXBuildFile; fileRef = ABF38A0326B3E6ED00BA0DDC /* UserCellViewModel.swift */; };
		ABF38A0626B3E71E00BA0DDC /* UserDetailUseCases.swift in Sources */ = {isa = PBXBuildFile; fileRef = ABF38A0526B3E71E00BA0DDC /* UserDetailUseCases.swift */; };
		ABF38A0926B3E74C00BA0DDC /* UserDetailCoordinator.swift in Sources */ = {isa = PBXBuildFile; fileRef = ABF38A0826B3E74C00BA0DDC /* UserDetailCoordinator.swift */; };
		ABF38A0B26B3E76000BA0DDC /* UserDetailViewModel.swift in Sources */ = {isa = PBXBuildFile; fileRef = ABF38A0A26B3E76000BA0DDC /* UserDetailViewModel.swift */; };
		ABF38A0D26B3E77B00BA0DDC /* UserDetailViewController.swift in Sources */ = {isa = PBXBuildFile; fileRef = ABF38A0C26B3E77B00BA0DDC /* UserDetailViewController.swift */; };
		ABF38A0F26B3E7A800BA0DDC /* UserDetailResponse.swift in Sources */ = {isa = PBXBuildFile; fileRef = ABF38A0E26B3E7A800BA0DDC /* UserDetailResponse.swift */; };
		ABF38A1126B3E7C000BA0DDC /* UserDetailRequest.swift in Sources */ = {isa = PBXBuildFile; fileRef = ABF38A1026B3E7C000BA0DDC /* UserDetailRequest.swift */; };
		ABF38A1326B3E7E800BA0DDC /* UpdateUserNameRequest.swift in Sources */ = {isa = PBXBuildFile; fileRef = ABF38A1226B3E7E800BA0DDC /* UpdateUserNameRequest.swift */; };
		ABF38A1526B3E80300BA0DDC /* UpdateUserNameResponse.swift in Sources */ = {isa = PBXBuildFile; fileRef = ABF38A1426B3E80300BA0DDC /* UpdateUserNameResponse.swift */; };
		ABF38A1826B3E83600BA0DDC /* ViewModel.swift in Sources */ = {isa = PBXBuildFile; fileRef = ABF38A1726B3E83600BA0DDC /* ViewModel.swift */; };
		ABF38A1A26B3E86100BA0DDC /* UIViewController+Extension.swift in Sources */ = {isa = PBXBuildFile; fileRef = ABF38A1926B3E86100BA0DDC /* UIViewController+Extension.swift */; };
		ABF38A1F26B3E98E00BA0DDC /* TopicCell.swift in Sources */ = {isa = PBXBuildFile; fileRef = ABF38A1E26B3E98E00BA0DDC /* TopicCell.swift */; };
		ABF38A2126B3E9A000BA0DDC /* TopicCell.xib in Resources */ = {isa = PBXBuildFile; fileRef = ABF38A2026B3E9A000BA0DDC /* TopicCell.xib */; };
		ABF38A2526B3E9EB00BA0DDC /* TopicCellViewModel.swift in Sources */ = {isa = PBXBuildFile; fileRef = ABF38A2426B3E9EB00BA0DDC /* TopicCellViewModel.swift */; };
		ABF38A2726B3EA0200BA0DDC /* TopicsCoordinator.swift in Sources */ = {isa = PBXBuildFile; fileRef = ABF38A2626B3EA0200BA0DDC /* TopicsCoordinator.swift */; };
		ABF38A2B26B3EA3C00BA0DDC /* TopicsUseCases.swift in Sources */ = {isa = PBXBuildFile; fileRef = ABF38A2A26B3EA3C00BA0DDC /* TopicsUseCases.swift */; };
		ABF38A2D26B3EA5600BA0DDC /* TopicDetailUseCases.swift in Sources */ = {isa = PBXBuildFile; fileRef = ABF38A2C26B3EA5600BA0DDC /* TopicDetailUseCases.swift */; };
		ABF38A2F26B3EA6E00BA0DDC /* CreateTopicUseCases.swift in Sources */ = {isa = PBXBuildFile; fileRef = ABF38A2E26B3EA6E00BA0DDC /* CreateTopicUseCases.swift */; };
		ABF38A3126B3EAA600BA0DDC /* LatestTopicsRequest.swift in Sources */ = {isa = PBXBuildFile; fileRef = ABF38A3026B3EAA600BA0DDC /* LatestTopicsRequest.swift */; };
		ABF38A3326B3EAC200BA0DDC /* TopicDetailRequest.swift in Sources */ = {isa = PBXBuildFile; fileRef = ABF38A3226B3EAC200BA0DDC /* TopicDetailRequest.swift */; };
		ABF38A3526B3EADC00BA0DDC /* CreateTopicRequest.swift in Sources */ = {isa = PBXBuildFile; fileRef = ABF38A3426B3EADC00BA0DDC /* CreateTopicRequest.swift */; };
		ABF38A3726B3EAF400BA0DDC /* DeleteTopicRequest.swift in Sources */ = {isa = PBXBuildFile; fileRef = ABF38A3626B3EAF400BA0DDC /* DeleteTopicRequest.swift */; };
		ABF38A3926B3EB1700BA0DDC /* LatestTopicsResponse.swift in Sources */ = {isa = PBXBuildFile; fileRef = ABF38A3826B3EB1700BA0DDC /* LatestTopicsResponse.swift */; };
		ABF38A3B26B3EB2E00BA0DDC /* TopicDetailResponse.swift in Sources */ = {isa = PBXBuildFile; fileRef = ABF38A3A26B3EB2E00BA0DDC /* TopicDetailResponse.swift */; };
		ABF38A3D26B3EB5000BA0DDC /* CreateTopicResponse.swift in Sources */ = {isa = PBXBuildFile; fileRef = ABF38A3C26B3EB5000BA0DDC /* CreateTopicResponse.swift */; };
		ABF38A3F26B3EB6500BA0DDC /* DeleteTopicResponse.swift in Sources */ = {isa = PBXBuildFile; fileRef = ABF38A3E26B3EB6500BA0DDC /* DeleteTopicResponse.swift */; };
		ABF38A4126B3EB9800BA0DDC /* TopicsViewController.swift in Sources */ = {isa = PBXBuildFile; fileRef = ABF38A4026B3EB9800BA0DDC /* TopicsViewController.swift */; };
		ABF38A4326B3EBB200BA0DDC /* TopicsViewModel.swift in Sources */ = {isa = PBXBuildFile; fileRef = ABF38A4226B3EBB200BA0DDC /* TopicsViewModel.swift */; };
		ABF38A4526B3EBD700BA0DDC /* TopicDetailCoordinator.swift in Sources */ = {isa = PBXBuildFile; fileRef = ABF38A4426B3EBD700BA0DDC /* TopicDetailCoordinator.swift */; };
		ABF38A4726B3EBEB00BA0DDC /* TopicDetailViewModel.swift in Sources */ = {isa = PBXBuildFile; fileRef = ABF38A4626B3EBEB00BA0DDC /* TopicDetailViewModel.swift */; };
		ABF38A4926B3EC0500BA0DDC /* TopicDetailViewController.swift in Sources */ = {isa = PBXBuildFile; fileRef = ABF38A4826B3EC0500BA0DDC /* TopicDetailViewController.swift */; };
		ABF38A4B26B3EC4400BA0DDC /* CreateTopicViewController.swift in Sources */ = {isa = PBXBuildFile; fileRef = ABF38A4A26B3EC4400BA0DDC /* CreateTopicViewController.swift */; };
		ABF38A4D26B3EC7000BA0DDC /* CreateTopicViewModel.swift in Sources */ = {isa = PBXBuildFile; fileRef = ABF38A4C26B3EC7000BA0DDC /* CreateTopicViewModel.swift */; };
		ABF38A4F26B3EC8A00BA0DDC /* CreateTopicCoordinator.swift in Sources */ = {isa = PBXBuildFile; fileRef = ABF38A4E26B3EC8A00BA0DDC /* CreateTopicCoordinator.swift */; };
		ABF38A5126B3ECAB00BA0DDC /* CreateTopicViewController.xib in Resources */ = {isa = PBXBuildFile; fileRef = ABF38A5026B3ECAB00BA0DDC /* CreateTopicViewController.xib */; };
		ABF38A5726B3F15500BA0DDC /* CategoryDetailCoordinator.swift in Sources */ = {isa = PBXBuildFile; fileRef = ABF38A5626B3F15500BA0DDC /* CategoryDetailCoordinator.swift */; };
		ABF38A5926B3F16E00BA0DDC /* CategoryDetailViewModel.swift in Sources */ = {isa = PBXBuildFile; fileRef = ABF38A5826B3F16E00BA0DDC /* CategoryDetailViewModel.swift */; };
		ABF38A5B26B3F18200BA0DDC /* CategoryDetailViewController.swift in Sources */ = {isa = PBXBuildFile; fileRef = ABF38A5A26B3F18200BA0DDC /* CategoryDetailViewController.swift */; };
		ABF38A5D26B3F1A800BA0DDC /* CategoriesCoordinator.swift in Sources */ = {isa = PBXBuildFile; fileRef = ABF38A5C26B3F1A800BA0DDC /* CategoriesCoordinator.swift */; };
		ABF38A5F26B3F1C000BA0DDC /* CategoriesViewModel.swift in Sources */ = {isa = PBXBuildFile; fileRef = ABF38A5E26B3F1C000BA0DDC /* CategoriesViewModel.swift */; };
		ABF38A6126B3F1D600BA0DDC /* CategoriesViewController.swift in Sources */ = {isa = PBXBuildFile; fileRef = ABF38A6026B3F1D600BA0DDC /* CategoriesViewController.swift */; };
		ABF38A6326B3F1EE00BA0DDC /* CategoryCell.swift in Sources */ = {isa = PBXBuildFile; fileRef = ABF38A6226B3F1EE00BA0DDC /* CategoryCell.swift */; };
		ABF38A6526B3F1FE00BA0DDC /* CategoryCellViewModel.swift in Sources */ = {isa = PBXBuildFile; fileRef = ABF38A6426B3F1FE00BA0DDC /* CategoryCellViewModel.swift */; };
		ABF38A6726B3F21B00BA0DDC /* CategoryCell.xib in Resources */ = {isa = PBXBuildFile; fileRef = ABF38A6626B3F21B00BA0DDC /* CategoryCell.xib */; };
		ABF38A6926B3F25F00BA0DDC /* CategoriesResponse.swift in Sources */ = {isa = PBXBuildFile; fileRef = ABF38A6826B3F25F00BA0DDC /* CategoriesResponse.swift */; };
		ABF38A6B26B3F27900BA0DDC /* CategoryDetailResponse.swift in Sources */ = {isa = PBXBuildFile; fileRef = ABF38A6A26B3F27900BA0DDC /* CategoryDetailResponse.swift */; };
		ABF38A6D26B3F2A400BA0DDC /* CategoriesRequest.swift in Sources */ = {isa = PBXBuildFile; fileRef = ABF38A6C26B3F2A400BA0DDC /* CategoriesRequest.swift */; };
		ABF38A6F26B3F2B600BA0DDC /* CategoryDetailRequest.swift in Sources */ = {isa = PBXBuildFile; fileRef = ABF38A6E26B3F2B600BA0DDC /* CategoryDetailRequest.swift */; };
		ABF38A7226B3F2E200BA0DDC /* CategoriesUseCases.swift in Sources */ = {isa = PBXBuildFile; fileRef = ABF38A7126B3F2E200BA0DDC /* CategoriesUseCases.swift */; };
		ABF38A7426B3F2FA00BA0DDC /* CategoryDetailUseCases.swift in Sources */ = {isa = PBXBuildFile; fileRef = ABF38A7326B3F2FA00BA0DDC /* CategoryDetailUseCases.swift */; };
		ABF38A7626B4028E00BA0DDC /* CreateCategoryRequest.swift in Sources */ = {isa = PBXBuildFile; fileRef = ABF38A7526B4028D00BA0DDC /* CreateCategoryRequest.swift */; };
		ABF38A7826B402A800BA0DDC /* CreateCategoryResponse.swift in Sources */ = {isa = PBXBuildFile; fileRef = ABF38A7726B402A800BA0DDC /* CreateCategoryResponse.swift */; };
		ABF38A7B26B4039500BA0DDC /* CreateCategoryViewController.swift in Sources */ = {isa = PBXBuildFile; fileRef = ABF38A7A26B4039500BA0DDC /* CreateCategoryViewController.swift */; };
		ABF38A7D26B403F000BA0DDC /* CreateCategoryViewModel.swift in Sources */ = {isa = PBXBuildFile; fileRef = ABF38A7C26B403F000BA0DDC /* CreateCategoryViewModel.swift */; };
		ABF38A7F26B4045F00BA0DDC /* CreateCategoryUseCases.swift in Sources */ = {isa = PBXBuildFile; fileRef = ABF38A7E26B4045F00BA0DDC /* CreateCategoryUseCases.swift */; };
		ABF38A8126B4052E00BA0DDC /* CreateCategoryCoordinator.swift in Sources */ = {isa = PBXBuildFile; fileRef = ABF38A8026B4052E00BA0DDC /* CreateCategoryCoordinator.swift */; };
		ABF38A8326B4063E00BA0DDC /* CreateCategoryViewController.xib in Resources */ = {isa = PBXBuildFile; fileRef = ABF38A8226B4063E00BA0DDC /* CreateCategoryViewController.xib */; };
/* End PBXBuildFile section */

/* Begin PBXFileReference section */
		ABF389C526B3E16800BA0DDC /* DiscourseClient.app */ = {isa = PBXFileReference; explicitFileType = wrapper.application; includeInIndex = 0; path = DiscourseClient.app; sourceTree = BUILT_PRODUCTS_DIR; };
		ABF389C826B3E16800BA0DDC /* AppDelegate.swift */ = {isa = PBXFileReference; lastKnownFileType = sourcecode.swift; path = AppDelegate.swift; sourceTree = "<group>"; };
		ABF389CA26B3E16800BA0DDC /* SceneDelegate.swift */ = {isa = PBXFileReference; lastKnownFileType = sourcecode.swift; path = SceneDelegate.swift; sourceTree = "<group>"; };
		ABF389CC26B3E16800BA0DDC /* ViewController.swift */ = {isa = PBXFileReference; lastKnownFileType = sourcecode.swift; path = ViewController.swift; sourceTree = "<group>"; };
		ABF389D126B3E16A00BA0DDC /* Assets.xcassets */ = {isa = PBXFileReference; lastKnownFileType = folder.assetcatalog; path = Assets.xcassets; sourceTree = "<group>"; };
		ABF389D426B3E16A00BA0DDC /* Base */ = {isa = PBXFileReference; lastKnownFileType = file.storyboard; name = Base; path = Base.lproj/LaunchScreen.storyboard; sourceTree = "<group>"; };
		ABF389D626B3E16A00BA0DDC /* Info.plist */ = {isa = PBXFileReference; lastKnownFileType = text.plist.xml; path = Info.plist; sourceTree = "<group>"; };
		ABF389E026B3E2B700BA0DDC /* AppCoordinator.swift */ = {isa = PBXFileReference; lastKnownFileType = sourcecode.swift; path = AppCoordinator.swift; sourceTree = "<group>"; };
		ABF389E326B3E48100BA0DDC /* DataManager.swift */ = {isa = PBXFileReference; lastKnownFileType = sourcecode.swift; path = DataManager.swift; sourceTree = "<group>"; };
		ABF389E726B3E4C600BA0DDC /* RemoteDataManager.swift */ = {isa = PBXFileReference; lastKnownFileType = sourcecode.swift; path = RemoteDataManager.swift; sourceTree = "<group>"; };
		ABF389E926B3E4DC00BA0DDC /* SessionAPI.swift */ = {isa = PBXFileReference; lastKnownFileType = sourcecode.swift; path = SessionAPI.swift; sourceTree = "<group>"; };
		ABF389EB26B3E4F700BA0DDC /* APIRequest.swift */ = {isa = PBXFileReference; lastKnownFileType = sourcecode.swift; path = APIRequest.swift; sourceTree = "<group>"; };
		ABF389ED26B3E56F00BA0DDC /* UsersCoordinator.swift */ = {isa = PBXFileReference; lastKnownFileType = sourcecode.swift; path = UsersCoordinator.swift; sourceTree = "<group>"; };
		ABF389EF26B3E58800BA0DDC /* UsersUseCases.swift */ = {isa = PBXFileReference; lastKnownFileType = sourcecode.swift; path = UsersUseCases.swift; sourceTree = "<group>"; };
		ABF389F326B3E5C200BA0DDC /* UsersResponse.swift */ = {isa = PBXFileReference; lastKnownFileType = sourcecode.swift; path = UsersResponse.swift; sourceTree = "<group>"; };
		ABF389F726B3E5F500BA0DDC /* UsersRequest.swift */ = {isa = PBXFileReference; lastKnownFileType = sourcecode.swift; path = UsersRequest.swift; sourceTree = "<group>"; };
		ABF389F926B3E62500BA0DDC /* UsersViewModel.swift */ = {isa = PBXFileReference; lastKnownFileType = sourcecode.swift; path = UsersViewModel.swift; sourceTree = "<group>"; };
		ABF389FB26B3E64900BA0DDC /* UsersViewController.swift */ = {isa = PBXFileReference; lastKnownFileType = sourcecode.swift; path = UsersViewController.swift; sourceTree = "<group>"; };
		ABF389FD26B3E67A00BA0DDC /* UserCell.swift */ = {isa = PBXFileReference; lastKnownFileType = sourcecode.swift; path = UserCell.swift; sourceTree = "<group>"; };
		ABF389FF26B3E68E00BA0DDC /* UserCell.xib */ = {isa = PBXFileReference; lastKnownFileType = file.xib; path = UserCell.xib; sourceTree = "<group>"; };
		ABF38A0326B3E6ED00BA0DDC /* UserCellViewModel.swift */ = {isa = PBXFileReference; lastKnownFileType = sourcecode.swift; path = UserCellViewModel.swift; sourceTree = "<group>"; };
		ABF38A0526B3E71E00BA0DDC /* UserDetailUseCases.swift */ = {isa = PBXFileReference; lastKnownFileType = sourcecode.swift; path = UserDetailUseCases.swift; sourceTree = "<group>"; };
		ABF38A0826B3E74C00BA0DDC /* UserDetailCoordinator.swift */ = {isa = PBXFileReference; lastKnownFileType = sourcecode.swift; path = UserDetailCoordinator.swift; sourceTree = "<group>"; };
		ABF38A0A26B3E76000BA0DDC /* UserDetailViewModel.swift */ = {isa = PBXFileReference; lastKnownFileType = sourcecode.swift; path = UserDetailViewModel.swift; sourceTree = "<group>"; };
		ABF38A0C26B3E77B00BA0DDC /* UserDetailViewController.swift */ = {isa = PBXFileReference; lastKnownFileType = sourcecode.swift; path = UserDetailViewController.swift; sourceTree = "<group>"; };
		ABF38A0E26B3E7A800BA0DDC /* UserDetailResponse.swift */ = {isa = PBXFileReference; lastKnownFileType = sourcecode.swift; path = UserDetailResponse.swift; sourceTree = "<group>"; };
		ABF38A1026B3E7C000BA0DDC /* UserDetailRequest.swift */ = {isa = PBXFileReference; lastKnownFileType = sourcecode.swift; path = UserDetailRequest.swift; sourceTree = "<group>"; };
		ABF38A1226B3E7E800BA0DDC /* UpdateUserNameRequest.swift */ = {isa = PBXFileReference; lastKnownFileType = sourcecode.swift; path = UpdateUserNameRequest.swift; sourceTree = "<group>"; };
		ABF38A1426B3E80300BA0DDC /* UpdateUserNameResponse.swift */ = {isa = PBXFileReference; lastKnownFileType = sourcecode.swift; path = UpdateUserNameResponse.swift; sourceTree = "<group>"; };
		ABF38A1726B3E83600BA0DDC /* ViewModel.swift */ = {isa = PBXFileReference; lastKnownFileType = sourcecode.swift; path = ViewModel.swift; sourceTree = "<group>"; };
		ABF38A1926B3E86100BA0DDC /* UIViewController+Extension.swift */ = {isa = PBXFileReference; lastKnownFileType = sourcecode.swift; path = "UIViewController+Extension.swift"; sourceTree = "<group>"; };
		ABF38A1E26B3E98E00BA0DDC /* TopicCell.swift */ = {isa = PBXFileReference; lastKnownFileType = sourcecode.swift; path = TopicCell.swift; sourceTree = "<group>"; };
		ABF38A2026B3E9A000BA0DDC /* TopicCell.xib */ = {isa = PBXFileReference; lastKnownFileType = file.xib; path = TopicCell.xib; sourceTree = "<group>"; };
		ABF38A2426B3E9EB00BA0DDC /* TopicCellViewModel.swift */ = {isa = PBXFileReference; lastKnownFileType = sourcecode.swift; path = TopicCellViewModel.swift; sourceTree = "<group>"; };
		ABF38A2626B3EA0200BA0DDC /* TopicsCoordinator.swift */ = {isa = PBXFileReference; lastKnownFileType = sourcecode.swift; path = TopicsCoordinator.swift; sourceTree = "<group>"; };
		ABF38A2A26B3EA3C00BA0DDC /* TopicsUseCases.swift */ = {isa = PBXFileReference; lastKnownFileType = sourcecode.swift; path = TopicsUseCases.swift; sourceTree = "<group>"; };
		ABF38A2C26B3EA5600BA0DDC /* TopicDetailUseCases.swift */ = {isa = PBXFileReference; lastKnownFileType = sourcecode.swift; path = TopicDetailUseCases.swift; sourceTree = "<group>"; };
		ABF38A2E26B3EA6E00BA0DDC /* CreateTopicUseCases.swift */ = {isa = PBXFileReference; lastKnownFileType = sourcecode.swift; path = CreateTopicUseCases.swift; sourceTree = "<group>"; };
		ABF38A3026B3EAA600BA0DDC /* LatestTopicsRequest.swift */ = {isa = PBXFileReference; lastKnownFileType = sourcecode.swift; path = LatestTopicsRequest.swift; sourceTree = "<group>"; };
		ABF38A3226B3EAC200BA0DDC /* TopicDetailRequest.swift */ = {isa = PBXFileReference; lastKnownFileType = sourcecode.swift; path = TopicDetailRequest.swift; sourceTree = "<group>"; };
		ABF38A3426B3EADC00BA0DDC /* CreateTopicRequest.swift */ = {isa = PBXFileReference; lastKnownFileType = sourcecode.swift; path = CreateTopicRequest.swift; sourceTree = "<group>"; };
		ABF38A3626B3EAF400BA0DDC /* DeleteTopicRequest.swift */ = {isa = PBXFileReference; lastKnownFileType = sourcecode.swift; path = DeleteTopicRequest.swift; sourceTree = "<group>"; };
		ABF38A3826B3EB1700BA0DDC /* LatestTopicsResponse.swift */ = {isa = PBXFileReference; lastKnownFileType = sourcecode.swift; path = LatestTopicsResponse.swift; sourceTree = "<group>"; };
		ABF38A3A26B3EB2E00BA0DDC /* TopicDetailResponse.swift */ = {isa = PBXFileReference; lastKnownFileType = sourcecode.swift; path = TopicDetailResponse.swift; sourceTree = "<group>"; };
		ABF38A3C26B3EB5000BA0DDC /* CreateTopicResponse.swift */ = {isa = PBXFileReference; lastKnownFileType = sourcecode.swift; path = CreateTopicResponse.swift; sourceTree = "<group>"; };
		ABF38A3E26B3EB6500BA0DDC /* DeleteTopicResponse.swift */ = {isa = PBXFileReference; lastKnownFileType = sourcecode.swift; path = DeleteTopicResponse.swift; sourceTree = "<group>"; };
		ABF38A4026B3EB9800BA0DDC /* TopicsViewController.swift */ = {isa = PBXFileReference; lastKnownFileType = sourcecode.swift; path = TopicsViewController.swift; sourceTree = "<group>"; };
		ABF38A4226B3EBB200BA0DDC /* TopicsViewModel.swift */ = {isa = PBXFileReference; lastKnownFileType = sourcecode.swift; path = TopicsViewModel.swift; sourceTree = "<group>"; };
		ABF38A4426B3EBD700BA0DDC /* TopicDetailCoordinator.swift */ = {isa = PBXFileReference; lastKnownFileType = sourcecode.swift; path = TopicDetailCoordinator.swift; sourceTree = "<group>"; };
		ABF38A4626B3EBEB00BA0DDC /* TopicDetailViewModel.swift */ = {isa = PBXFileReference; lastKnownFileType = sourcecode.swift; path = TopicDetailViewModel.swift; sourceTree = "<group>"; };
		ABF38A4826B3EC0500BA0DDC /* TopicDetailViewController.swift */ = {isa = PBXFileReference; lastKnownFileType = sourcecode.swift; path = TopicDetailViewController.swift; sourceTree = "<group>"; };
		ABF38A4A26B3EC4400BA0DDC /* CreateTopicViewController.swift */ = {isa = PBXFileReference; lastKnownFileType = sourcecode.swift; path = CreateTopicViewController.swift; sourceTree = "<group>"; };
		ABF38A4C26B3EC7000BA0DDC /* CreateTopicViewModel.swift */ = {isa = PBXFileReference; lastKnownFileType = sourcecode.swift; path = CreateTopicViewModel.swift; sourceTree = "<group>"; };
		ABF38A4E26B3EC8A00BA0DDC /* CreateTopicCoordinator.swift */ = {isa = PBXFileReference; lastKnownFileType = sourcecode.swift; path = CreateTopicCoordinator.swift; sourceTree = "<group>"; };
		ABF38A5026B3ECAB00BA0DDC /* CreateTopicViewController.xib */ = {isa = PBXFileReference; lastKnownFileType = file.xib; path = CreateTopicViewController.xib; sourceTree = "<group>"; };
		ABF38A5626B3F15500BA0DDC /* CategoryDetailCoordinator.swift */ = {isa = PBXFileReference; lastKnownFileType = sourcecode.swift; path = CategoryDetailCoordinator.swift; sourceTree = "<group>"; };
		ABF38A5826B3F16E00BA0DDC /* CategoryDetailViewModel.swift */ = {isa = PBXFileReference; lastKnownFileType = sourcecode.swift; path = CategoryDetailViewModel.swift; sourceTree = "<group>"; };
		ABF38A5A26B3F18200BA0DDC /* CategoryDetailViewController.swift */ = {isa = PBXFileReference; lastKnownFileType = sourcecode.swift; path = CategoryDetailViewController.swift; sourceTree = "<group>"; };
		ABF38A5C26B3F1A800BA0DDC /* CategoriesCoordinator.swift */ = {isa = PBXFileReference; lastKnownFileType = sourcecode.swift; path = CategoriesCoordinator.swift; sourceTree = "<group>"; };
		ABF38A5E26B3F1C000BA0DDC /* CategoriesViewModel.swift */ = {isa = PBXFileReference; lastKnownFileType = sourcecode.swift; path = CategoriesViewModel.swift; sourceTree = "<group>"; };
		ABF38A6026B3F1D600BA0DDC /* CategoriesViewController.swift */ = {isa = PBXFileReference; lastKnownFileType = sourcecode.swift; path = CategoriesViewController.swift; sourceTree = "<group>"; };
		ABF38A6226B3F1EE00BA0DDC /* CategoryCell.swift */ = {isa = PBXFileReference; lastKnownFileType = sourcecode.swift; path = CategoryCell.swift; sourceTree = "<group>"; };
		ABF38A6426B3F1FE00BA0DDC /* CategoryCellViewModel.swift */ = {isa = PBXFileReference; lastKnownFileType = sourcecode.swift; path = CategoryCellViewModel.swift; sourceTree = "<group>"; };
		ABF38A6626B3F21B00BA0DDC /* CategoryCell.xib */ = {isa = PBXFileReference; lastKnownFileType = file.xib; path = CategoryCell.xib; sourceTree = "<group>"; };
		ABF38A6826B3F25F00BA0DDC /* CategoriesResponse.swift */ = {isa = PBXFileReference; lastKnownFileType = sourcecode.swift; path = CategoriesResponse.swift; sourceTree = "<group>"; };
		ABF38A6A26B3F27900BA0DDC /* CategoryDetailResponse.swift */ = {isa = PBXFileReference; lastKnownFileType = sourcecode.swift; path = CategoryDetailResponse.swift; sourceTree = "<group>"; };
		ABF38A6C26B3F2A400BA0DDC /* CategoriesRequest.swift */ = {isa = PBXFileReference; lastKnownFileType = sourcecode.swift; path = CategoriesRequest.swift; sourceTree = "<group>"; };
		ABF38A6E26B3F2B600BA0DDC /* CategoryDetailRequest.swift */ = {isa = PBXFileReference; lastKnownFileType = sourcecode.swift; path = CategoryDetailRequest.swift; sourceTree = "<group>"; };
		ABF38A7126B3F2E200BA0DDC /* CategoriesUseCases.swift */ = {isa = PBXFileReference; lastKnownFileType = sourcecode.swift; path = CategoriesUseCases.swift; sourceTree = "<group>"; };
		ABF38A7326B3F2FA00BA0DDC /* CategoryDetailUseCases.swift */ = {isa = PBXFileReference; lastKnownFileType = sourcecode.swift; path = CategoryDetailUseCases.swift; sourceTree = "<group>"; };
		ABF38A7526B4028D00BA0DDC /* CreateCategoryRequest.swift */ = {isa = PBXFileReference; lastKnownFileType = sourcecode.swift; path = CreateCategoryRequest.swift; sourceTree = "<group>"; };
		ABF38A7726B402A800BA0DDC /* CreateCategoryResponse.swift */ = {isa = PBXFileReference; lastKnownFileType = sourcecode.swift; path = CreateCategoryResponse.swift; sourceTree = "<group>"; };
		ABF38A7A26B4039500BA0DDC /* CreateCategoryViewController.swift */ = {isa = PBXFileReference; lastKnownFileType = sourcecode.swift; path = CreateCategoryViewController.swift; sourceTree = "<group>"; };
		ABF38A7C26B403F000BA0DDC /* CreateCategoryViewModel.swift */ = {isa = PBXFileReference; lastKnownFileType = sourcecode.swift; path = CreateCategoryViewModel.swift; sourceTree = "<group>"; };
		ABF38A7E26B4045F00BA0DDC /* CreateCategoryUseCases.swift */ = {isa = PBXFileReference; lastKnownFileType = sourcecode.swift; path = CreateCategoryUseCases.swift; sourceTree = "<group>"; };
		ABF38A8026B4052E00BA0DDC /* CreateCategoryCoordinator.swift */ = {isa = PBXFileReference; lastKnownFileType = sourcecode.swift; path = CreateCategoryCoordinator.swift; sourceTree = "<group>"; };
		ABF38A8226B4063E00BA0DDC /* CreateCategoryViewController.xib */ = {isa = PBXFileReference; fileEncoding = 4; lastKnownFileType = file.xib; path = CreateCategoryViewController.xib; sourceTree = "<group>"; };
/* End PBXFileReference section */

/* Begin PBXFrameworksBuildPhase section */
		ABF389C226B3E16800BA0DDC /* Frameworks */ = {
			isa = PBXFrameworksBuildPhase;
			buildActionMask = 2147483647;
			files = (
			);
			runOnlyForDeploymentPostprocessing = 0;
		};
/* End PBXFrameworksBuildPhase section */

/* Begin PBXGroup section */
		ABF389BC26B3E16800BA0DDC = {
			isa = PBXGroup;
			children = (
				ABF389C726B3E16800BA0DDC /* DiscourseClient */,
				ABF389C626B3E16800BA0DDC /* Products */,
			);
			sourceTree = "<group>";
		};
		ABF389C626B3E16800BA0DDC /* Products */ = {
			isa = PBXGroup;
			children = (
				ABF389C526B3E16800BA0DDC /* DiscourseClient.app */,
			);
			name = Products;
			sourceTree = "<group>";
		};
		ABF389C726B3E16800BA0DDC /* DiscourseClient */ = {
			isa = PBXGroup;
			children = (
				ABF389DC26B3E1F700BA0DDC /* App */,
				ABF389DD26B3E1FF00BA0DDC /* Domain */,
				ABF389DE26B3E20500BA0DDC /* Data */,
				ABF389C826B3E16800BA0DDC /* AppDelegate.swift */,
				ABF389CA26B3E16800BA0DDC /* SceneDelegate.swift */,
				ABF389CC26B3E16800BA0DDC /* ViewController.swift */,
				ABF389D126B3E16A00BA0DDC /* Assets.xcassets */,
				ABF389D326B3E16A00BA0DDC /* LaunchScreen.storyboard */,
				ABF389D626B3E16A00BA0DDC /* Info.plist */,
			);
			path = DiscourseClient;
			sourceTree = "<group>";
		};
		ABF389DC26B3E1F700BA0DDC /* App */ = {
			isa = PBXGroup;
			children = (
				ABF38A5226B3F12600BA0DDC /* Categories */,
				ABF38A1B26B3E95900BA0DDC /* Topics */,
				ABF38A1626B3E82400BA0DDC /* Utils */,
				ABF389E226B3E42F00BA0DDC /* Users */,
				ABF389DF26B3E2A100BA0DDC /* Coordinator */,
			);
			path = App;
			sourceTree = "<group>";
		};
		ABF389DD26B3E1FF00BA0DDC /* Domain */ = {
			isa = PBXGroup;
			children = (
				ABF389F126B3E5A500BA0DDC /* Entities */,
			);
			path = Domain;
			sourceTree = "<group>";
		};
		ABF389DE26B3E20500BA0DDC /* Data */ = {
			isa = PBXGroup;
			children = (
				ABF389E626B3E4B200BA0DDC /* Remote */,
				ABF389E526B3E4A200BA0DDC /* UseCases */,
				ABF389E326B3E48100BA0DDC /* DataManager.swift */,
			);
			path = Data;
			sourceTree = "<group>";
		};
		ABF389DF26B3E2A100BA0DDC /* Coordinator */ = {
			isa = PBXGroup;
			children = (
				ABF389E026B3E2B700BA0DDC /* AppCoordinator.swift */,
			);
			path = Coordinator;
			sourceTree = "<group>";
		};
		ABF389E226B3E42F00BA0DDC /* Users */ = {
			isa = PBXGroup;
			children = (
				ABF38A0726B3E73600BA0DDC /* UserDetail */,
				ABF389ED26B3E56F00BA0DDC /* UsersCoordinator.swift */,
				ABF389F926B3E62500BA0DDC /* UsersViewModel.swift */,
				ABF389FB26B3E64900BA0DDC /* UsersViewController.swift */,
				ABF389FD26B3E67A00BA0DDC /* UserCell.swift */,
				ABF389FF26B3E68E00BA0DDC /* UserCell.xib */,
				ABF38A0326B3E6ED00BA0DDC /* UserCellViewModel.swift */,
			);
			path = Users;
			sourceTree = "<group>";
		};
		ABF389E526B3E4A200BA0DDC /* UseCases */ = {
			isa = PBXGroup;
			children = (
				ABF38A7026B3F2CF00BA0DDC /* Categories */,
				ABF38A2926B3EA2800BA0DDC /* Topics */,
				ABF38A2826B3EA1D00BA0DDC /* Users */,
			);
			path = UseCases;
			sourceTree = "<group>";
		};
		ABF389E626B3E4B200BA0DDC /* Remote */ = {
			isa = PBXGroup;
			children = (
				ABF389E726B3E4C600BA0DDC /* RemoteDataManager.swift */,
				ABF389E926B3E4DC00BA0DDC /* SessionAPI.swift */,
				ABF389EB26B3E4F700BA0DDC /* APIRequest.swift */,
			);
			path = Remote;
			sourceTree = "<group>";
		};
		ABF389F126B3E5A500BA0DDC /* Entities */ = {
			isa = PBXGroup;
			children = (
				ABF389F226B3E5B000BA0DDC /* Response */,
				ABF389F526B3E5E100BA0DDC /* Request */,
			);
			path = Entities;
			sourceTree = "<group>";
		};
		ABF389F226B3E5B000BA0DDC /* Response */ = {
			isa = PBXGroup;
			children = (
				ABF389F326B3E5C200BA0DDC /* UsersResponse.swift */,
				ABF38A0E26B3E7A800BA0DDC /* UserDetailResponse.swift */,
				ABF38A1426B3E80300BA0DDC /* UpdateUserNameResponse.swift */,
				ABF38A3826B3EB1700BA0DDC /* LatestTopicsResponse.swift */,
				ABF38A3A26B3EB2E00BA0DDC /* TopicDetailResponse.swift */,
				ABF38A3C26B3EB5000BA0DDC /* CreateTopicResponse.swift */,
				ABF38A3E26B3EB6500BA0DDC /* DeleteTopicResponse.swift */,
				ABF38A6826B3F25F00BA0DDC /* CategoriesResponse.swift */,
				ABF38A6A26B3F27900BA0DDC /* CategoryDetailResponse.swift */,
				ABF38A7726B402A800BA0DDC /* CreateCategoryResponse.swift */,
			);
			path = Response;
			sourceTree = "<group>";
		};
		ABF389F526B3E5E100BA0DDC /* Request */ = {
			isa = PBXGroup;
			children = (
				ABF389F726B3E5F500BA0DDC /* UsersRequest.swift */,
				ABF38A1026B3E7C000BA0DDC /* UserDetailRequest.swift */,
				ABF38A1226B3E7E800BA0DDC /* UpdateUserNameRequest.swift */,
				ABF38A3026B3EAA600BA0DDC /* LatestTopicsRequest.swift */,
				ABF38A3226B3EAC200BA0DDC /* TopicDetailRequest.swift */,
				ABF38A3426B3EADC00BA0DDC /* CreateTopicRequest.swift */,
				ABF38A3626B3EAF400BA0DDC /* DeleteTopicRequest.swift */,
				ABF38A6C26B3F2A400BA0DDC /* CategoriesRequest.swift */,
				ABF38A6E26B3F2B600BA0DDC /* CategoryDetailRequest.swift */,
				ABF38A7526B4028D00BA0DDC /* CreateCategoryRequest.swift */,
			);
			path = Request;
			sourceTree = "<group>";
		};
		ABF38A0726B3E73600BA0DDC /* UserDetail */ = {
			isa = PBXGroup;
			children = (
				ABF38A0826B3E74C00BA0DDC /* UserDetailCoordinator.swift */,
				ABF38A0A26B3E76000BA0DDC /* UserDetailViewModel.swift */,
				ABF38A0C26B3E77B00BA0DDC /* UserDetailViewController.swift */,
			);
			path = UserDetail;
			sourceTree = "<group>";
		};
		ABF38A1626B3E82400BA0DDC /* Utils */ = {
			isa = PBXGroup;
			children = (
				ABF38A1726B3E83600BA0DDC /* ViewModel.swift */,
				ABF38A1926B3E86100BA0DDC /* UIViewController+Extension.swift */,
			);
			path = Utils;
			sourceTree = "<group>";
		};
		ABF38A1B26B3E95900BA0DDC /* Topics */ = {
			isa = PBXGroup;
			children = (
				ABF38A1D26B3E96F00BA0DDC /* CreateTopic */,
				ABF38A1C26B3E96700BA0DDC /* TopicDetail */,
				ABF38A1E26B3E98E00BA0DDC /* TopicCell.swift */,
				ABF38A2026B3E9A000BA0DDC /* TopicCell.xib */,
				ABF38A2426B3E9EB00BA0DDC /* TopicCellViewModel.swift */,
				ABF38A2626B3EA0200BA0DDC /* TopicsCoordinator.swift */,
				ABF38A4026B3EB9800BA0DDC /* TopicsViewController.swift */,
				ABF38A4226B3EBB200BA0DDC /* TopicsViewModel.swift */,
			);
			path = Topics;
			sourceTree = "<group>";
		};
		ABF38A1C26B3E96700BA0DDC /* TopicDetail */ = {
			isa = PBXGroup;
			children = (
				ABF38A4426B3EBD700BA0DDC /* TopicDetailCoordinator.swift */,
				ABF38A4626B3EBEB00BA0DDC /* TopicDetailViewModel.swift */,
				ABF38A4826B3EC0500BA0DDC /* TopicDetailViewController.swift */,
			);
			path = TopicDetail;
			sourceTree = "<group>";
		};
		ABF38A1D26B3E96F00BA0DDC /* CreateTopic */ = {
			isa = PBXGroup;
			children = (
				ABF38A4A26B3EC4400BA0DDC /* CreateTopicViewController.swift */,
				ABF38A4C26B3EC7000BA0DDC /* CreateTopicViewModel.swift */,
				ABF38A4E26B3EC8A00BA0DDC /* CreateTopicCoordinator.swift */,
				ABF38A5026B3ECAB00BA0DDC /* CreateTopicViewController.xib */,
			);
			path = CreateTopic;
			sourceTree = "<group>";
		};
		ABF38A2826B3EA1D00BA0DDC /* Users */ = {
			isa = PBXGroup;
			children = (
				ABF389EF26B3E58800BA0DDC /* UsersUseCases.swift */,
				ABF38A0526B3E71E00BA0DDC /* UserDetailUseCases.swift */,
			);
			path = Users;
			sourceTree = "<group>";
		};
		ABF38A2926B3EA2800BA0DDC /* Topics */ = {
			isa = PBXGroup;
			children = (
				ABF38A2A26B3EA3C00BA0DDC /* TopicsUseCases.swift */,
				ABF38A2C26B3EA5600BA0DDC /* TopicDetailUseCases.swift */,
				ABF38A2E26B3EA6E00BA0DDC /* CreateTopicUseCases.swift */,
			);
			path = Topics;
			sourceTree = "<group>";
		};
		ABF38A5226B3F12600BA0DDC /* Categories */ = {
			isa = PBXGroup;
			children = (
				ABF38A7926B4037B00BA0DDC /* CreateCategory */,
				ABF38A5326B3F12F00BA0DDC /* CategoryDetail */,
				ABF38A5C26B3F1A800BA0DDC /* CategoriesCoordinator.swift */,
				ABF38A5E26B3F1C000BA0DDC /* CategoriesViewModel.swift */,
				ABF38A6026B3F1D600BA0DDC /* CategoriesViewController.swift */,
				ABF38A6226B3F1EE00BA0DDC /* CategoryCell.swift */,
				ABF38A6426B3F1FE00BA0DDC /* CategoryCellViewModel.swift */,
				ABF38A6626B3F21B00BA0DDC /* CategoryCell.xib */,
			);
			path = Categories;
			sourceTree = "<group>";
		};
		ABF38A5326B3F12F00BA0DDC /* CategoryDetail */ = {
			isa = PBXGroup;
			children = (
				ABF38A5626B3F15500BA0DDC /* CategoryDetailCoordinator.swift */,
				ABF38A5826B3F16E00BA0DDC /* CategoryDetailViewModel.swift */,
				ABF38A5A26B3F18200BA0DDC /* CategoryDetailViewController.swift */,
			);
			path = CategoryDetail;
			sourceTree = "<group>";
		};
		ABF38A7026B3F2CF00BA0DDC /* Categories */ = {
			isa = PBXGroup;
			children = (
				ABF38A7126B3F2E200BA0DDC /* CategoriesUseCases.swift */,
				ABF38A7326B3F2FA00BA0DDC /* CategoryDetailUseCases.swift */,
				ABF38A7E26B4045F00BA0DDC /* CreateCategoryUseCases.swift */,
			);
			path = Categories;
			sourceTree = "<group>";
		};
		ABF38A7926B4037B00BA0DDC /* CreateCategory */ = {
			isa = PBXGroup;
			children = (
				ABF38A8226B4063E00BA0DDC /* CreateCategoryViewController.xib */,
				ABF38A7A26B4039500BA0DDC /* CreateCategoryViewController.swift */,
				ABF38A7C26B403F000BA0DDC /* CreateCategoryViewModel.swift */,
				ABF38A8026B4052E00BA0DDC /* CreateCategoryCoordinator.swift */,
			);
			path = CreateCategory;
			sourceTree = "<group>";
		};
/* End PBXGroup section */

/* Begin PBXNativeTarget section */
		ABF389C426B3E16800BA0DDC /* DiscourseClient */ = {
			isa = PBXNativeTarget;
			buildConfigurationList = ABF389D926B3E16A00BA0DDC /* Build configuration list for PBXNativeTarget "DiscourseClient" */;
			buildPhases = (
				ABF389C126B3E16800BA0DDC /* Sources */,
				ABF389C226B3E16800BA0DDC /* Frameworks */,
				ABF389C326B3E16800BA0DDC /* Resources */,
			);
			buildRules = (
			);
			dependencies = (
			);
			name = DiscourseClient;
			productName = DiscourseClient;
			productReference = ABF389C526B3E16800BA0DDC /* DiscourseClient.app */;
			productType = "com.apple.product-type.application";
		};
/* End PBXNativeTarget section */

/* Begin PBXProject section */
		ABF389BD26B3E16800BA0DDC /* Project object */ = {
			isa = PBXProject;
			attributes = {
				LastSwiftUpdateCheck = 1250;
				LastUpgradeCheck = 1250;
				TargetAttributes = {
					ABF389C426B3E16800BA0DDC = {
						CreatedOnToolsVersion = 12.5.1;
					};
				};
			};
			buildConfigurationList = ABF389C026B3E16800BA0DDC /* Build configuration list for PBXProject "DiscourseClient" */;
			compatibilityVersion = "Xcode 9.3";
			developmentRegion = en;
			hasScannedForEncodings = 0;
			knownRegions = (
				en,
				Base,
			);
			mainGroup = ABF389BC26B3E16800BA0DDC;
			productRefGroup = ABF389C626B3E16800BA0DDC /* Products */;
			projectDirPath = "";
			projectRoot = "";
			targets = (
				ABF389C426B3E16800BA0DDC /* DiscourseClient */,
			);
		};
/* End PBXProject section */

/* Begin PBXResourcesBuildPhase section */
		ABF389C326B3E16800BA0DDC /* Resources */ = {
			isa = PBXResourcesBuildPhase;
			buildActionMask = 2147483647;
			files = (
				ABF38A5126B3ECAB00BA0DDC /* CreateTopicViewController.xib in Resources */,
				ABF38A6726B3F21B00BA0DDC /* CategoryCell.xib in Resources */,
				ABF389D526B3E16A00BA0DDC /* LaunchScreen.storyboard in Resources */,
				ABF38A2126B3E9A000BA0DDC /* TopicCell.xib in Resources */,
				ABF389D226B3E16A00BA0DDC /* Assets.xcassets in Resources */,
				ABF38A0026B3E68E00BA0DDC /* UserCell.xib in Resources */,
				ABF38A8326B4063E00BA0DDC /* CreateCategoryViewController.xib in Resources */,
			);
			runOnlyForDeploymentPostprocessing = 0;
		};
/* End PBXResourcesBuildPhase section */

/* Begin PBXSourcesBuildPhase section */
		ABF389C126B3E16800BA0DDC /* Sources */ = {
			isa = PBXSourcesBuildPhase;
			buildActionMask = 2147483647;
			files = (
				ABF389F426B3E5C200BA0DDC /* UsersResponse.swift in Sources */,
				ABF38A3526B3EADC00BA0DDC /* CreateTopicRequest.swift in Sources */,
				ABF38A4B26B3EC4400BA0DDC /* CreateTopicViewController.swift in Sources */,
				ABF38A5B26B3F18200BA0DDC /* CategoryDetailViewController.swift in Sources */,
				ABF38A1526B3E80300BA0DDC /* UpdateUserNameResponse.swift in Sources */,
				ABF38A6B26B3F27900BA0DDC /* CategoryDetailResponse.swift in Sources */,
				ABF389FA26B3E62500BA0DDC /* UsersViewModel.swift in Sources */,
				ABF38A3126B3EAA600BA0DDC /* LatestTopicsRequest.swift in Sources */,
				ABF38A2F26B3EA6E00BA0DDC /* CreateTopicUseCases.swift in Sources */,
				ABF38A4D26B3EC7000BA0DDC /* CreateTopicViewModel.swift in Sources */,
				ABF38A0626B3E71E00BA0DDC /* UserDetailUseCases.swift in Sources */,
				ABF389F026B3E58800BA0DDC /* UsersUseCases.swift in Sources */,
				ABF38A1826B3E83600BA0DDC /* ViewModel.swift in Sources */,
				ABF38A6D26B3F2A400BA0DDC /* CategoriesRequest.swift in Sources */,
				ABF389FC26B3E64900BA0DDC /* UsersViewController.swift in Sources */,
				ABF389EA26B3E4DC00BA0DDC /* SessionAPI.swift in Sources */,
				ABF38A8126B4052E00BA0DDC /* CreateCategoryCoordinator.swift in Sources */,
				ABF38A0D26B3E77B00BA0DDC /* UserDetailViewController.swift in Sources */,
				ABF389E126B3E2B700BA0DDC /* AppCoordinator.swift in Sources */,
				ABF38A3B26B3EB2E00BA0DDC /* TopicDetailResponse.swift in Sources */,
				ABF38A0B26B3E76000BA0DDC /* UserDetailViewModel.swift in Sources */,
				ABF38A3726B3EAF400BA0DDC /* DeleteTopicRequest.swift in Sources */,
				ABF389F826B3E5F500BA0DDC /* UsersRequest.swift in Sources */,
				ABF38A7426B3F2FA00BA0DDC /* CategoryDetailUseCases.swift in Sources */,
				ABF389E426B3E48100BA0DDC /* DataManager.swift in Sources */,
				ABF38A7D26B403F000BA0DDC /* CreateCategoryViewModel.swift in Sources */,
				ABF38A7826B402A800BA0DDC /* CreateCategoryResponse.swift in Sources */,
				ABF389FE26B3E67A00BA0DDC /* UserCell.swift in Sources */,
				ABF38A1A26B3E86100BA0DDC /* UIViewController+Extension.swift in Sources */,
				ABF389CD26B3E16800BA0DDC /* ViewController.swift in Sources */,
				ABF38A3326B3EAC200BA0DDC /* TopicDetailRequest.swift in Sources */,
				ABF38A4126B3EB9800BA0DDC /* TopicsViewController.swift in Sources */,
				ABF38A7626B4028E00BA0DDC /* CreateCategoryRequest.swift in Sources */,
				ABF389E826B3E4C600BA0DDC /* RemoteDataManager.swift in Sources */,
				ABF38A2D26B3EA5600BA0DDC /* TopicDetailUseCases.swift in Sources */,
				ABF38A2B26B3EA3C00BA0DDC /* TopicsUseCases.swift in Sources */,
				ABF38A2726B3EA0200BA0DDC /* TopicsCoordinator.swift in Sources */,
				ABF38A3926B3EB1700BA0DDC /* LatestTopicsResponse.swift in Sources */,
				ABF38A4F26B3EC8A00BA0DDC /* CreateTopicCoordinator.swift in Sources */,
				ABF38A6526B3F1FE00BA0DDC /* CategoryCellViewModel.swift in Sources */,
				ABF38A4926B3EC0500BA0DDC /* TopicDetailViewController.swift in Sources */,
				ABF38A7226B3F2E200BA0DDC /* CategoriesUseCases.swift in Sources */,
				ABF38A0926B3E74C00BA0DDC /* UserDetailCoordinator.swift in Sources */,
				ABF38A2526B3E9EB00BA0DDC /* TopicCellViewModel.swift in Sources */,
				ABF38A7B26B4039500BA0DDC /* CreateCategoryViewController.swift in Sources */,
				ABF38A1126B3E7C000BA0DDC /* UserDetailRequest.swift in Sources */,
				ABF38A5D26B3F1A800BA0DDC /* CategoriesCoordinator.swift in Sources */,
				ABF389C926B3E16800BA0DDC /* AppDelegate.swift in Sources */,
				ABF38A6126B3F1D600BA0DDC /* CategoriesViewController.swift in Sources */,
				ABF38A4326B3EBB200BA0DDC /* TopicsViewModel.swift in Sources */,
				ABF38A5F26B3F1C000BA0DDC /* CategoriesViewModel.swift in Sources */,
				ABF389EC26B3E4F700BA0DDC /* APIRequest.swift in Sources */,
				ABF38A0426B3E6ED00BA0DDC /* UserCellViewModel.swift in Sources */,
				ABF38A5926B3F16E00BA0DDC /* CategoryDetailViewModel.swift in Sources */,
				ABF38A3D26B3EB5000BA0DDC /* CreateTopicResponse.swift in Sources */,
				ABF389EE26B3E56F00BA0DDC /* UsersCoordinator.swift in Sources */,
				ABF38A0F26B3E7A800BA0DDC /* UserDetailResponse.swift in Sources */,
				ABF389CB26B3E16800BA0DDC /* SceneDelegate.swift in Sources */,
				ABF38A7F26B4045F00BA0DDC /* CreateCategoryUseCases.swift in Sources */,
				ABF38A3F26B3EB6500BA0DDC /* DeleteTopicResponse.swift in Sources */,
				ABF38A1F26B3E98E00BA0DDC /* TopicCell.swift in Sources */,
				ABF38A5726B3F15500BA0DDC /* CategoryDetailCoordinator.swift in Sources */,
				ABF38A1326B3E7E800BA0DDC /* UpdateUserNameRequest.swift in Sources */,
				ABF38A4526B3EBD700BA0DDC /* TopicDetailCoordinator.swift in Sources */,
				ABF38A6F26B3F2B600BA0DDC /* CategoryDetailRequest.swift in Sources */,
				ABF38A6926B3F25F00BA0DDC /* CategoriesResponse.swift in Sources */,
				ABF38A4726B3EBEB00BA0DDC /* TopicDetailViewModel.swift in Sources */,
				ABF38A6326B3F1EE00BA0DDC /* CategoryCell.swift in Sources */,
			);
			runOnlyForDeploymentPostprocessing = 0;
		};
/* End PBXSourcesBuildPhase section */

/* Begin PBXVariantGroup section */
		ABF389D326B3E16A00BA0DDC /* LaunchScreen.storyboard */ = {
			isa = PBXVariantGroup;
			children = (
				ABF389D426B3E16A00BA0DDC /* Base */,
			);
			name = LaunchScreen.storyboard;
			sourceTree = "<group>";
		};
/* End PBXVariantGroup section */

/* Begin XCBuildConfiguration section */
		ABF389D726B3E16A00BA0DDC /* Debug */ = {
			isa = XCBuildConfiguration;
			buildSettings = {
				ALWAYS_SEARCH_USER_PATHS = NO;
				CLANG_ANALYZER_NONNULL = YES;
				CLANG_ANALYZER_NUMBER_OBJECT_CONVERSION = YES_AGGRESSIVE;
				CLANG_CXX_LANGUAGE_STANDARD = "gnu++14";
				CLANG_CXX_LIBRARY = "libc++";
				CLANG_ENABLE_MODULES = YES;
				CLANG_ENABLE_OBJC_ARC = YES;
				CLANG_ENABLE_OBJC_WEAK = YES;
				CLANG_WARN_BLOCK_CAPTURE_AUTORELEASING = YES;
				CLANG_WARN_BOOL_CONVERSION = YES;
				CLANG_WARN_COMMA = YES;
				CLANG_WARN_CONSTANT_CONVERSION = YES;
				CLANG_WARN_DEPRECATED_OBJC_IMPLEMENTATIONS = YES;
				CLANG_WARN_DIRECT_OBJC_ISA_USAGE = YES_ERROR;
				CLANG_WARN_DOCUMENTATION_COMMENTS = YES;
				CLANG_WARN_EMPTY_BODY = YES;
				CLANG_WARN_ENUM_CONVERSION = YES;
				CLANG_WARN_INFINITE_RECURSION = YES;
				CLANG_WARN_INT_CONVERSION = YES;
				CLANG_WARN_NON_LITERAL_NULL_CONVERSION = YES;
				CLANG_WARN_OBJC_IMPLICIT_RETAIN_SELF = YES;
				CLANG_WARN_OBJC_LITERAL_CONVERSION = YES;
				CLANG_WARN_OBJC_ROOT_CLASS = YES_ERROR;
				CLANG_WARN_QUOTED_INCLUDE_IN_FRAMEWORK_HEADER = YES;
				CLANG_WARN_RANGE_LOOP_ANALYSIS = YES;
				CLANG_WARN_STRICT_PROTOTYPES = YES;
				CLANG_WARN_SUSPICIOUS_MOVE = YES;
				CLANG_WARN_UNGUARDED_AVAILABILITY = YES_AGGRESSIVE;
				CLANG_WARN_UNREACHABLE_CODE = YES;
				CLANG_WARN__DUPLICATE_METHOD_MATCH = YES;
				COPY_PHASE_STRIP = NO;
				DEBUG_INFORMATION_FORMAT = dwarf;
				ENABLE_STRICT_OBJC_MSGSEND = YES;
				ENABLE_TESTABILITY = YES;
				GCC_C_LANGUAGE_STANDARD = gnu11;
				GCC_DYNAMIC_NO_PIC = NO;
				GCC_NO_COMMON_BLOCKS = YES;
				GCC_OPTIMIZATION_LEVEL = 0;
				GCC_PREPROCESSOR_DEFINITIONS = (
					"DEBUG=1",
					"$(inherited)",
				);
				GCC_WARN_64_TO_32_BIT_CONVERSION = YES;
				GCC_WARN_ABOUT_RETURN_TYPE = YES_ERROR;
				GCC_WARN_UNDECLARED_SELECTOR = YES;
				GCC_WARN_UNINITIALIZED_AUTOS = YES_AGGRESSIVE;
				GCC_WARN_UNUSED_FUNCTION = YES;
				GCC_WARN_UNUSED_VARIABLE = YES;
				IPHONEOS_DEPLOYMENT_TARGET = 14.5;
				MTL_ENABLE_DEBUG_INFO = INCLUDE_SOURCE;
				MTL_FAST_MATH = YES;
				ONLY_ACTIVE_ARCH = YES;
				SDKROOT = iphoneos;
				SWIFT_ACTIVE_COMPILATION_CONDITIONS = DEBUG;
				SWIFT_OPTIMIZATION_LEVEL = "-Onone";
			};
			name = Debug;
		};
		ABF389D826B3E16A00BA0DDC /* Release */ = {
			isa = XCBuildConfiguration;
			buildSettings = {
				ALWAYS_SEARCH_USER_PATHS = NO;
				CLANG_ANALYZER_NONNULL = YES;
				CLANG_ANALYZER_NUMBER_OBJECT_CONVERSION = YES_AGGRESSIVE;
				CLANG_CXX_LANGUAGE_STANDARD = "gnu++14";
				CLANG_CXX_LIBRARY = "libc++";
				CLANG_ENABLE_MODULES = YES;
				CLANG_ENABLE_OBJC_ARC = YES;
				CLANG_ENABLE_OBJC_WEAK = YES;
				CLANG_WARN_BLOCK_CAPTURE_AUTORELEASING = YES;
				CLANG_WARN_BOOL_CONVERSION = YES;
				CLANG_WARN_COMMA = YES;
				CLANG_WARN_CONSTANT_CONVERSION = YES;
				CLANG_WARN_DEPRECATED_OBJC_IMPLEMENTATIONS = YES;
				CLANG_WARN_DIRECT_OBJC_ISA_USAGE = YES_ERROR;
				CLANG_WARN_DOCUMENTATION_COMMENTS = YES;
				CLANG_WARN_EMPTY_BODY = YES;
				CLANG_WARN_ENUM_CONVERSION = YES;
				CLANG_WARN_INFINITE_RECURSION = YES;
				CLANG_WARN_INT_CONVERSION = YES;
				CLANG_WARN_NON_LITERAL_NULL_CONVERSION = YES;
				CLANG_WARN_OBJC_IMPLICIT_RETAIN_SELF = YES;
				CLANG_WARN_OBJC_LITERAL_CONVERSION = YES;
				CLANG_WARN_OBJC_ROOT_CLASS = YES_ERROR;
				CLANG_WARN_QUOTED_INCLUDE_IN_FRAMEWORK_HEADER = YES;
				CLANG_WARN_RANGE_LOOP_ANALYSIS = YES;
				CLANG_WARN_STRICT_PROTOTYPES = YES;
				CLANG_WARN_SUSPICIOUS_MOVE = YES;
				CLANG_WARN_UNGUARDED_AVAILABILITY = YES_AGGRESSIVE;
				CLANG_WARN_UNREACHABLE_CODE = YES;
				CLANG_WARN__DUPLICATE_METHOD_MATCH = YES;
				COPY_PHASE_STRIP = NO;
				DEBUG_INFORMATION_FORMAT = "dwarf-with-dsym";
				ENABLE_NS_ASSERTIONS = NO;
				ENABLE_STRICT_OBJC_MSGSEND = YES;
				GCC_C_LANGUAGE_STANDARD = gnu11;
				GCC_NO_COMMON_BLOCKS = YES;
				GCC_WARN_64_TO_32_BIT_CONVERSION = YES;
				GCC_WARN_ABOUT_RETURN_TYPE = YES_ERROR;
				GCC_WARN_UNDECLARED_SELECTOR = YES;
				GCC_WARN_UNINITIALIZED_AUTOS = YES_AGGRESSIVE;
				GCC_WARN_UNUSED_FUNCTION = YES;
				GCC_WARN_UNUSED_VARIABLE = YES;
				IPHONEOS_DEPLOYMENT_TARGET = 14.5;
				MTL_ENABLE_DEBUG_INFO = NO;
				MTL_FAST_MATH = YES;
				SDKROOT = iphoneos;
				SWIFT_COMPILATION_MODE = wholemodule;
				SWIFT_OPTIMIZATION_LEVEL = "-O";
				VALIDATE_PRODUCT = YES;
			};
			name = Release;
		};
		ABF389DA26B3E16A00BA0DDC /* Debug */ = {
			isa = XCBuildConfiguration;
			buildSettings = {
				ASSETCATALOG_COMPILER_APPICON_NAME = AppIcon;
				ASSETCATALOG_COMPILER_GLOBAL_ACCENT_COLOR_NAME = AccentColor;
				CODE_SIGN_STYLE = Automatic;
				INFOPLIST_FILE = DiscourseClient/Info.plist;
				LD_RUNPATH_SEARCH_PATHS = (
					"$(inherited)",
					"@executable_path/Frameworks",
				);
				PRODUCT_BUNDLE_IDENTIFIER = com.keepcoding.DiscourseClient;
				PRODUCT_NAME = "$(TARGET_NAME)";
				SWIFT_VERSION = 5.0;
				TARGETED_DEVICE_FAMILY = "1,2";
			};
			name = Debug;
		};
		ABF389DB26B3E16A00BA0DDC /* Release */ = {
			isa = XCBuildConfiguration;
			buildSettings = {
				ASSETCATALOG_COMPILER_APPICON_NAME = AppIcon;
				ASSETCATALOG_COMPILER_GLOBAL_ACCENT_COLOR_NAME = AccentColor;
				CODE_SIGN_STYLE = Automatic;
				INFOPLIST_FILE = DiscourseClient/Info.plist;
				LD_RUNPATH_SEARCH_PATHS = (
					"$(inherited)",
					"@executable_path/Frameworks",
				);
				PRODUCT_BUNDLE_IDENTIFIER = com.keepcoding.DiscourseClient;
				PRODUCT_NAME = "$(TARGET_NAME)";
				SWIFT_VERSION = 5.0;
				TARGETED_DEVICE_FAMILY = "1,2";
			};
			name = Release;
		};
/* End XCBuildConfiguration section */

/* Begin XCConfigurationList section */
		ABF389C026B3E16800BA0DDC /* Build configuration list for PBXProject "DiscourseClient" */ = {
			isa = XCConfigurationList;
			buildConfigurations = (
				ABF389D726B3E16A00BA0DDC /* Debug */,
				ABF389D826B3E16A00BA0DDC /* Release */,
			);
			defaultConfigurationIsVisible = 0;
			defaultConfigurationName = Release;
		};
		ABF389D926B3E16A00BA0DDC /* Build configuration list for PBXNativeTarget "DiscourseClient" */ = {
			isa = XCConfigurationList;
			buildConfigurations = (
				ABF389DA26B3E16A00BA0DDC /* Debug */,
				ABF389DB26B3E16A00BA0DDC /* Release */,
			);
			defaultConfigurationIsVisible = 0;
			defaultConfigurationName = Release;
		};
/* End XCConfigurationList section */
	};
	rootObject = ABF389BD26B3E16800BA0DDC /* Project object */;
}
